{
  "name": "roon-extesion-lirc",
  "version": "1.0.0",
  "lockfileVersion": 1,
  "requires": true,
  "dependencies": {
    "ip": {
      "version": "1.1.5",
      "resolved": "https://registry.npmjs.org/ip/-/ip-1.1.5.tgz",
      "integrity": "sha1-vd7XARQpCCjAoDnnLvJfWq7ENUo="
    },
    "lirc_node": {
      "version": "github:alexbain/lirc_node#5456d79ff3a75fe9f66935338acd982e43eb6ce3",
      "from": "github:alexbain/lirc_node"
    },
    "node-roon-api": {
      "version": "github:roonlabs/node-roon-api#b09c875738360a9413518a8a51ac70294745a926",
      "from": "github:roonlabs/node-roon-api",
      "requires": {
        "ip": "^1.1.3",
        "node-uuid": "^1.4.7",
        "ws": ">=3.3.1"
      }
    },
    "node-roon-api-browse": {
      "version": "github:roonlabs/node-roon-api-browse#98adcbaba3a30fd6ce109c1f04cd361536143222",
      "from": "github:roonlabs/node-roon-api-browse"
    },
    "node-roon-api-image": {
      "version": "github:roonlabs/node-roon-api-image#a5f0efaf2dfb5457e91abe326c3a40d865131d32",
      "from": "github:roonlabs/node-roon-api-image"
    },
    "node-roon-api-settings": {
      "version": "github:roonlabs/node-roon-api-settings#67cd8ca156c5bcd01ea63833ceaaec6d6a79654d",
      "from": "github:roonlabs/node-roon-api-settings"
    },
    "node-roon-api-source-control": {
      "version": "github:roonlabs/node-roon-api-source-control#fab2ba33f2c9249a8c9e69b6dcccfc8f333ab12e",
      "from": "github:roonlabs/node-roon-api-source-control"
    },
    "node-roon-api-status": {
      "version": "github:roonlabs/node-roon-api-status#504c918d6da267e03fbb4337befa71ca3d3c7526",
      "from": "github:roonlabs/node-roon-api-status"
    },
    "node-roon-api-transport": {
      "version": "github:roonlabs/node-roon-api-transport#2ee60008a4cdb90c34ff3de58bb4b949067f1d20",
      "from": "github:roonlabs/node-roon-api-transport"
    },
    "node-uuid": {
      "version": "1.4.8",
      "resolved": "https://registry.npmjs.org/node-uuid/-/node-uuid-1.4.8.tgz",
      "integrity": "sha1-sEDrCSOWivq/jTL7HxfxFn/auQc="
    },
    "ws": {
      "version": "7.4.0",
      "resolved": "https://registry.npmjs.org/ws/-/ws-7.4.0.tgz",
      "integrity": "sha512-kyFwXuV/5ymf+IXhS6f0+eAFvydbaBW3zjpT6hUdAh/hbVjTIB5EHBGi0bPoCLSK2wcuz3BrEkB9LrYv1Nm4NQ=="
    }
  }
}
